{
    "hash": "7855a60f1bef443ab65c75511bcad690",
    "packages": [
        {
            "name": "gelatindesign/ares",
            "version": "dev-master",
            "source": {
                "type": "git",
                "url": "https://github.com/gelatindesign/Ares",
                "reference": "901599feeee40ba3bb57d28462fe101fd7eac5d1"
            },
            "dist": {
                "type": "zip",
                "url": "https://github.com/gelatindesign/Ares/zipball/901599feeee40ba3bb57d28462fe101fd7eac5d1",
                "reference": "901599feeee40ba3bb57d28462fe101fd7eac5d1",
                "shasum": ""
            },
            "require": {
                "php": ">=5.3.3",
                "symfony/yaml": "2.*"
            },
            "time": "1351212752",
            "type": "library",
            "installation-source": "source",
            "autoload": {
                "psr-0": {
                    "Ares": ""
                }
            },
            "license": [
                "MIT"
            ],
            "authors": [
                {
                    "name": "Laurence Roberts",
                    "email": "info@gelatindesign.co.uk",
                    "role": "Developer"
                }
            ],
            "description": "A small mvc php framework",
            "homepage": "http://github.com/gelatindesign/Ares",
            "support": {
                "source": "https://github.com/gelatindesign/Ares/tree/master",
                "issues": "https://github.com/gelatindesign/Ares/issues"
            }
        },
        {
            "name": "symfony/yaml",
            "version": "v2.1.2",
            "target-dir": "Symfony/Component/Yaml",
            "source": {
                "type": "git",
                "url": "https://github.com/symfony/Yaml",
                "reference": "v2.1.0-RC2"
            },
            "dist": {
                "type": "zip",
                "url": "https://github.com/symfony/Yaml/zipball/v2.1.0-RC2",
                "reference": "v2.1.0-RC2",
                "shasum": ""
            },
            "require": {
                "php": ">=5.3.3"
            },
            "time": "2012-08-22 06:48:41",
            "type": "library",
            "extra": {
                "branch-alias": {
                    "dev-master": "2.1-dev"
                }
            },
            "installation-source": "dist",
            "autoload": {
                "psr-0": {
                    "Symfony\\Component\\Yaml": ""
                }
            },
            "license": [
                "MIT"
            ],
            "authors": [
                {
                    "name": "Fabien Potencier",
                    "email": "fabien@symfony.com"
                },
                {
                    "name": "Symfony Community",
                    "homepage": "http://symfony.com/contributors"
                }
            ],
            "description": "Symfony Yaml Component",
            "homepage": "http://symfony.com"
        }
    ],
    "packages-dev": null,
    "aliases": [

    ],
    "minimum-stability": "stable",
    "stability-flags": {
        "gelatindesign/ares": 20
    }
}
